
Microsoft Visual Studio Solution File, Format Version 12.00
# Visual Studio for Mac
Project("{FAE04EC0-301F-11D3-BF4B-00C04F79EFBC}") = "Assembly-CSharp", "Assembly-CSharp.csproj", "{EDD8F815-68D6-F5AC-7A84-DF7376998A4B}"
EndProject
Project("{FAE04EC0-301F-11D3-BF4B-00C04F79EFBC}") = "Assembly-CSharp-Editor", "Assembly-CSharp-Editor.csproj", "{690EDFF7-807C-DDD9-6430-ED5128F0CFB4}"
EndProject
Global
	GlobalSection(SolutionConfigurationPlatforms) = preSolution
		Debug|Any CPU = Debug|Any CPU
		Release|Any CPU = Release|Any CPU
	EndGlobalSection
	GlobalSection(ProjectConfigurationPlatforms) = postSolution
		{EDD8F815-68D6-F5AC-7A84-DF7376998A4B}.Debug|Any CPU.ActiveCfg = Debug|Any CPU
		{EDD8F815-68D6-F5AC-7A84-DF7376998A4B}.Debug|Any CPU.Build.0 = Debug|Any CPU
		{EDD8F815-68D6-F5AC-7A84-DF7376998A4B}.Release|Any CPU.ActiveCfg = Release|Any CPU
		{EDD8F815-68D6-F5AC-7A84-DF7376998A4B}.Release|Any CPU.Build.0 = Release|Any CPU
		{690EDFF7-807C-DDD9-6430-ED5128F0CFB4}.Debug|Any CPU.ActiveCfg = Debug|Any CPU
		{690EDFF7-807C-DDD9-6430-ED5128F0CFB4}.Debug|Any CPU.Build.0 = Debug|Any CPU
		{690EDFF7-807C-DDD9-6430-ED5128F0CFB4}.Release|Any CPU.ActiveCfg = Release|Any CPU
		{690EDFF7-807C-DDD9-6430-ED5128F0CFB4}.Release|Any CPU.Build.0 = Release|Any CPU
	EndGlobalSection
	GlobalSection(SolutionProperties) = preSolution
		HideSolutionNode = FALSE
	EndGlobalSection
EndGlobal
